github.com/hueristiq/hqgolog v0.0.0-20230623113334-a6018965a34f h1:JAgZOIJ+UbkENpRiOTlfg51CW0UNrUkgwLjUGiH+x9g=
github.com/hueristiq/hqgolog v0.0.0-20230623113334-a6018965a34f/go.mod h1:S5J3E3Azva5+JKv67uc+Hh3XwLDvkVYDGjEaMTFrIqg=
github.com/logrusorgru/aurora/v3 v3.0.0 h1:R6zcoZZbvVcGMvDCKo45A9U/lzYyzl5NfYIvznmDfE4=
github.com/logrusorgru/aurora/v3 v3.0.0/go.mod h1:vsR12bk5grlLvLXAYrBsb5Oc/N+LxAlxggSjiwMnCUc=
github.com/spf13/pflag v1.0.5 h1:iy+VFUOCP1a+8yFto/drg2CJ5u0yRoB7fZw3DKv/JXA=
github.com/spf13/pflag v1.0.5/go.mod h1:McXfInJRrz4CZXVZOBLb0bTZqETkiAhM9Iw0y3An2Bg=
golang.org/x/net v0.11.0 h1:Gi2tvZIJyBtO9SDr1q9h5hEQCp/4L2RQ+ar0qjx2oNU=
golang.org/x/net v0.11.0/go.mod h1:2L/ixqYpgIVXmeoSA/4Lu7BzTG4KIyPIryS4IsOd1oQ=
golang.org/x/net v0.14.0 h1:BONx9s002vGdD9umnlX1Po8vOZmrgH34qlHcD1MfK14=
golang.org/x/net v0.14.0/go.mod h1:PpSgVXXLK0OxS0F31C1/tv6XNguvCrnXIDrFMspZIUI=
golang.org/x/sys v0.9.0 h1:KS/R3tvhPqvJvwcKfnBHJwwthS11LRhmM5D59eEXa0s=
golang.org/x/sys v0.9.0/go.mod h1:oPkhp1MJrh7nUepCBck5+mAzfO9JrbApNNgaTdGDITg=
golang.org/x/sys v0.11.0 h1:eG7RXZHdqOJ1i+0lgLgCpSXAp6M3LYlAo6osgSi0xOM=
golang.org/x/sys v0.11.0/go.mod h1:oPkhp1MJrh7nUepCBck5+mAzfO9JrbApNNgaTdGDITg=
golang.org/x/term v0.9.0 h1:GRRCnKYhdQrD8kfRAdQ6Zcw1P0OcELxGLKJvtjVMZ28=
golang.org/x/term v0.9.0/go.mod h1:M6DEAAIenWoTxdKrOltXcmDY3rSplQUkrvaDU5FcQyo=
golang.org/x/term v0.11.0 h1:F9tnn/DA/Im8nCwm+fX+1/eBwi4qFjRT++MhtVC4ZX0=
golang.org/x/term v0.11.0/go.mod h1:zC9APTIj3jG3FdV/Ons+XE1riIZXG4aZ4GTHiPZJPIU=
